
Microsoft Visual Studio Solution File, Format Version 12.00
# Visual Studio Version 17
VisualStudioVersion = 17.1.32421.90
MinimumVisualStudioVersion = 10.0.40219.1
Project("{2150E333-8FDC-42A3-9474-1A3956D46DE8}") = "src", "src", "{FF3C6504-FAF8-4FD4-9FBD-0C02E2A38430}"
EndProject
Project("{2150E333-8FDC-42A3-9474-1A3956D46DE8}") = "test", "test", "{1AF45A53-0E07-4961-B83A-B43972529097}"
EndProject
Project("{2150E333-8FDC-42A3-9474-1A3956D46DE8}") = "docs", "docs", "{065A8D98-F9FA-4F6D-8962-025092048DCB}"
	ProjectSection(SolutionItems) = preProject
		README.md = README.md
	EndProjectSection
EndProject
Project("{2150E333-8FDC-42A3-9474-1A3956D46DE8}") = "assets", "assets", "{B5643938-7206-4269-AB54-11DB6166E9FE}"
EndProject
Project("{2150E333-8FDC-42A3-9474-1A3956D46DE8}") = "0 Utils", "0 Utils", "{7184AE95-780A-4AC8-9DF3-D6CA0F0D0283}"
EndProject
Project("{2150E333-8FDC-42A3-9474-1A3956D46DE8}") = "1 Core", "1 Core", "{5EE6C1B7-C323-4D86-8391-BCC52415DB2F}"
EndProject
Project("{2150E333-8FDC-42A3-9474-1A3956D46DE8}") = "2 Infrastructure Interfaces", "2 Infrastructure Interfaces", "{B93BB0E8-CF7E-4F7F-BFA8-DD92F6F83CC2}"
EndProject
Project("{2150E333-8FDC-42A3-9474-1A3956D46DE8}") = "3 Application Services Interfaces", "3 Application Services Interfaces", "{D0922BE8-D7AE-44B9-A03F-36BFC7846C31}"
EndProject
Project("{2150E333-8FDC-42A3-9474-1A3956D46DE8}") = "4 Application Services Implementation", "4 Application Services Implementation", "{B101095F-837B-41C0-B305-D9D34183BBD7}"
EndProject
Project("{2150E333-8FDC-42A3-9474-1A3956D46DE8}") = "5 Use Cases", "5 Use Cases", "{5F398ADA-DAB4-4028-A0D7-55DB232FAEEB}"
EndProject
Project("{2150E333-8FDC-42A3-9474-1A3956D46DE8}") = "6 Infrastructure Implementation", "6 Infrastructure Implementation", "{EFF4510A-86CE-435E-98DB-34B17CA89FC3}"
EndProject
Project("{2150E333-8FDC-42A3-9474-1A3956D46DE8}") = "7 Api", "7 Api", "{31CDCA97-1BFB-4DA7-B991-315414F0E7C6}"
EndProject
Project("{2150E333-8FDC-42A3-9474-1A3956D46DE8}") = "8 Host", "8 Host", "{27FD8170-875F-4ECC-8D98-C48BE6F9CDD9}"
EndProject
Project("{2150E333-8FDC-42A3-9474-1A3956D46DE8}") = "Domain", "Domain", "{1C766228-3017-485E-A330-4CF7D7A9B08F}"
EndProject
Project("{2150E333-8FDC-42A3-9474-1A3956D46DE8}") = "Infrastructure Services", "Infrastructure Services", "{F0BD22A5-0E1E-4EA8-9161-24E6D38BABEE}"
EndProject
Project("{2150E333-8FDC-42A3-9474-1A3956D46DE8}") = "Blockchains", "Blockchains", "{0139A884-9AB0-4D75-B6A2-97A4C062812E}"
EndProject
Project("{2150E333-8FDC-42A3-9474-1A3956D46DE8}") = "Data Access", "Data Access", "{822423C2-18DA-4FCD-B2CF-55A30C633E5E}"
EndProject
Project("{2150E333-8FDC-42A3-9474-1A3956D46DE8}") = "Data Access", "Data Access", "{7FE67155-0696-464B-9A68-E45C3180F0D2}"
EndProject
Project("{2150E333-8FDC-42A3-9474-1A3956D46DE8}") = "Infrastructure Services", "Infrastructure Services", "{34053AB7-5818-44CB-9905-F9A516B0DA8A}"
EndProject
Project("{2150E333-8FDC-42A3-9474-1A3956D46DE8}") = "Blockchains", "Blockchains", "{1FD281BB-E27F-4E54-B42B-E99DFE4C7693}"
EndProject
Project("{9A19103F-16F7-4668-BE54-9A1E7A4F7556}") = "Nomis.Api.Common", "src\Common\Nomis.Api.Common\Nomis.Api.Common.csproj", "{EF2A09DC-BA93-4BB8-8A80-3500F775968C}"
EndProject
Project("{9A19103F-16F7-4668-BE54-9A1E7A4F7556}") = "Nomis.Api.Solana", "src\Blockchains\Solana\Nomis.Api.Solana\Nomis.Api.Solana.csproj", "{2031C9CF-07BC-476C-9AF1-971C1F27F6C6}"
EndProject
Project("{9A19103F-16F7-4668-BE54-9A1E7A4F7556}") = "Nomis.Utils", "src\Common\Nomis.Utils\Nomis.Utils.csproj", "{DFF9BC89-E985-430F-BC46-DAFD110BA8CA}"
EndProject
Project("{9A19103F-16F7-4668-BE54-9A1E7A4F7556}") = "Nomis.Solscan.Interfaces", "src\Blockchains\Solana\Nomis.Solscan.Interfaces\Nomis.Solscan.Interfaces.csproj", "{F6C0A439-51E3-48CB-B49C-A6856A09D285}"
EndProject
Project("{9A19103F-16F7-4668-BE54-9A1E7A4F7556}") = "Nomis.MagicEden.Interfaces", "src\Blockchains\Solana\Nomis.MagicEden.Interfaces\Nomis.MagicEden.Interfaces.csproj", "{F8B11EE7-B00B-4004-B233-654589162312}"
EndProject
Project("{2150E333-8FDC-42A3-9474-1A3956D46DE8}") = "Solana", "Solana", "{926A0923-2275-450D-BA14-C6449A98E372}"
EndProject
Project("{2150E333-8FDC-42A3-9474-1A3956D46DE8}") = "Blockchains", "Blockchains", "{CCCBFDCA-25AD-4B2A-A924-C3518BA43400}"
EndProject
Project("{2150E333-8FDC-42A3-9474-1A3956D46DE8}") = "Solana", "Solana", "{EA300C59-649C-47E1-87CD-6BFFFA46BA47}"
EndProject
Project("{9A19103F-16F7-4668-BE54-9A1E7A4F7556}") = "Nomis.MagicEden", "src\Blockchains\Solana\Nomis.MagicEden\Nomis.MagicEden.csproj", "{F5C44853-28D4-4EF5-BBC9-63ED530A068D}"
EndProject
Project("{9A19103F-16F7-4668-BE54-9A1E7A4F7556}") = "Nomis.Solscan", "src\Blockchains\Solana\Nomis.Solscan\Nomis.Solscan.csproj", "{51070AFC-DB30-49B1-B7E7-BFE8FAE45634}"
EndProject
Project("{9A19103F-16F7-4668-BE54-9A1E7A4F7556}") = "Nomis.Blockchain.Abstractions", "src\Common\Nomis.Blockchain.Abstractions\Nomis.Blockchain.Abstractions.csproj", "{E3AB955F-D0CA-4F7D-A797-9AA9929CBF06}"
EndProject
Project("{2150E333-8FDC-42A3-9474-1A3956D46DE8}") = "Server", "Server", "{6E6973B9-2B02-4429-8056-653CC78EB894}"
EndProject
Project("{9A19103F-16F7-4668-BE54-9A1E7A4F7556}") = "Nomis.Web.Server.Common", "src\Common\Nomis.Web.Server.Common\Nomis.Web.Server.Common.csproj", "{A17D1A76-E9CA-46FD-AEE1-BA003FD8484C}"
EndProject
Project("{2150E333-8FDC-42A3-9474-1A3956D46DE8}") = "Solana", "Solana", "{50A0730C-0526-43C7-80E8-4A5BF4DC785A}"
EndProject
Project("{9A19103F-16F7-4668-BE54-9A1E7A4F7556}") = "Nomis.Coingecko.Interfaces", "src\Services\Infrastructure\Coingecko\Nomis.Coingecko.Interfaces\Nomis.Coingecko.Interfaces.csproj", "{8E30C34F-50D7-40B8-B5A9-2146C4CA0CB6}"
EndProject
Project("{9A19103F-16F7-4668-BE54-9A1E7A4F7556}") = "Nomis.Coingecko", "src\Services\Infrastructure\Coingecko\Nomis.Coingecko\Nomis.Coingecko.csproj", "{0A53DCB9-56B3-4E9D-8D11-36A43B5DC051}"
EndProject
Project("{9A19103F-16F7-4668-BE54-9A1E7A4F7556}") = "Nomis.Domain", "src\Domain\Nomis.Domain\Nomis.Domain.csproj", "{35B3F10A-58DE-4CA4-B900-ABF38CC7FBC4}"
EndProject
Project("{9A19103F-16F7-4668-BE54-9A1E7A4F7556}") = "Nomis.DataAccess.Interfaces", "src\Storage\Nomis.DataAccess.Interfaces\Nomis.DataAccess.Interfaces.csproj", "{915BC30B-80AE-4F6E-A271-A06EE0B91C46}"
EndProject
Project("{9A19103F-16F7-4668-BE54-9A1E7A4F7556}") = "Nomis.DataAccess.PostgreSql", "src\Storage\Nomis.DataAccess.PostgreSql\Nomis.DataAccess.PostgreSql.csproj", "{EDA2C89B-B81B-43BF-8767-03379088EFAB}"
EndProject
Project("{9A19103F-16F7-4668-BE54-9A1E7A4F7556}") = "Nomis.CurrentUserService.Interfaces", "src\Services\Application\Common\Nomis.CurrentUserService.Interfaces\Nomis.CurrentUserService.Interfaces.csproj", "{8FC78BEB-55A8-42E3-BA52-64D182C8C3E3}"
EndProject
Project("{9A19103F-16F7-4668-BE54-9A1E7A4F7556}") = "Nomis.CurrentUserService", "src\Services\Application\Common\Nomis.CurrentUserService\Nomis.CurrentUserService.csproj", "{6597E8A7-6566-4199-BBDA-0E37EA4F7F6A}"
EndProject
Project("{9A19103F-16F7-4668-BE54-9A1E7A4F7556}") = "Nomis.Domain.Scoring", "src\Domain\Nomis.Domain.Scoring\Nomis.Domain.Scoring.csproj", "{DDB58AE5-7ACB-41C6-A8E9-F3AF8EA69123}"
EndProject
Project("{9A19103F-16F7-4668-BE54-9A1E7A4F7556}") = "Nomis.DataAccess.Scoring.Interfaces", "src\Storage\Nomis.DataAccess.Scoring.Interfaces\Nomis.DataAccess.Scoring.Interfaces.csproj", "{EB2BCEDE-FB3D-4FBD-BAFB-D4EA6E262C8A}"
EndProject
Project("{9A19103F-16F7-4668-BE54-9A1E7A4F7556}") = "Nomis.DataAccess.PostgreSql.Scoring", "src\Storage\Nomis.DataAccess.PostgreSql.Scoring\Nomis.DataAccess.PostgreSql.Scoring.csproj", "{6E3BF59A-DC3A-48CA-9EC9-145645DFF8C1}"
EndProject
Project("{9A19103F-16F7-4668-BE54-9A1E7A4F7556}") = "Nomis.ScoringService.Interfaces", "src\Services\Application\Scoring\Nomis.ScoringService.Interfaces\Nomis.ScoringService.Interfaces.csproj", "{12D9910F-4D8A-460C-A1FF-9D68812F74AF}"
EndProject
Project("{9A19103F-16F7-4668-BE54-9A1E7A4F7556}") = "Nomis.ScoringService", "src\Services\Application\Scoring\Nomis.ScoringService\Nomis.ScoringService.csproj", "{1FDC8726-37E9-4728-8573-50FF274B660C}"
EndProject
Project("{2150E333-8FDC-42A3-9474-1A3956D46DE8}") = "sln", "sln", "{BD6AE170-0B28-4A63-B202-551B0AAEE4CE}"
	ProjectSection(SolutionItems) = preProject
		.dockerignore = .dockerignore
		src\.editorconfig = src\.editorconfig
		.gitignore = .gitignore
		src\Directory.Build.props = src\Directory.Build.props
		src\Directory.Build.targets = src\Directory.Build.targets
		src\Directory.Packages.props = src\Directory.Packages.props
		src\nomis.ruleset = src\nomis.ruleset
		src\stylecop.json = src\stylecop.json
	EndProjectSection
EndProject
Project("{2150E333-8FDC-42A3-9474-1A3956D46DE8}") = "APIs", "APIs", "{AF0D23B6-A9B8-48A9-807E-D6077E9265F9}"
EndProject
Project("{2150E333-8FDC-42A3-9474-1A3956D46DE8}") = "APIs", "APIs", "{31077AF5-81F3-4B6D-A5F5-B8872BA6ED61}"
EndProject
Project("{2150E333-8FDC-42A3-9474-1A3956D46DE8}") = "APIs", "APIs", "{A9EC39C3-72CC-4103-A030-39C3D2AA950F}"
EndProject
Project("{2150E333-8FDC-42A3-9474-1A3956D46DE8}") = "Common", "Common", "{BFF899A7-B00A-4ED4-B442-1DFBC8F78EFA}"
EndProject
Project("{2150E333-8FDC-42A3-9474-1A3956D46DE8}") = "Common", "Common", "{BEDF4771-567F-41A6-811B-8A820BC52AF0}"
EndProject
Project("{2150E333-8FDC-42A3-9474-1A3956D46DE8}") = "Scoring", "Scoring", "{F98874A0-2C0E-426C-AFE2-B2EDCC0613BD}"
EndProject
Project("{2150E333-8FDC-42A3-9474-1A3956D46DE8}") = "Scoring", "Scoring", "{49385C2E-82D2-4935-A3E0-7AA384EBADDF}"
EndProject
Project("{2150E333-8FDC-42A3-9474-1A3956D46DE8}") = "Caching", "Caching", "{272F9CE5-D16B-4A91-A54E-F9C1C3BE8330}"
EndProject
Project("{2150E333-8FDC-42A3-9474-1A3956D46DE8}") = "Caching", "Caching", "{4E360CF0-C316-45D9-AB91-3AED59200DA6}"
EndProject
Project("{9A19103F-16F7-4668-BE54-9A1E7A4F7556}") = "Nomis.CacheProviderService.Interfaces", "src\Services\Infrastructure\Caching\Nomis.CacheProviderService.Interfaces\Nomis.CacheProviderService.Interfaces.csproj", "{69DD5082-13FB-409C-9303-7297623E3ECD}"
EndProject
Project("{9A19103F-16F7-4668-BE54-9A1E7A4F7556}") = "Nomis.CacheProviderService", "src\Services\Infrastructure\Caching\Nomis.CacheProviderService\Nomis.CacheProviderService.csproj", "{1672EED0-117E-4910-BACE-0E8A134CB5F1}"
EndProject
Project("{9A19103F-16F7-4668-BE54-9A1E7A4F7556}") = "Nomis.SoulboundTokenService.Interfaces", "src\Services\Infrastructure\SBT\Nomis.SoulboundTokenService.Interfaces\Nomis.SoulboundTokenService.Interfaces.csproj", "{977155BC-4FCA-46B0-B581-A11AF3816D15}"
EndProject
Project("{9A19103F-16F7-4668-BE54-9A1E7A4F7556}") = "Nomis.SoulboundTokenService", "src\Services\Infrastructure\SBT\Nomis.SoulboundTokenService\Nomis.SoulboundTokenService.csproj", "{9EE3CF7B-BE65-474A-8992-0B9AF57BF850}"
EndProject
Project("{2150E333-8FDC-42A3-9474-1A3956D46DE8}") = "SBT", "SBT", "{E39E11EF-9099-400F-AAF8-AC8B36395FED}"
EndProject
Project("{2150E333-8FDC-42A3-9474-1A3956D46DE8}") = "SBT", "SBT", "{CB602635-4F1E-4F20-AC56-490F0C174374}"
EndProject
Project("{2150E333-8FDC-42A3-9474-1A3956D46DE8}") = "SBT", "SBT", "{253547A1-9554-4341-B441-3A8526F61F0C}"
EndProject
Project("{9A19103F-16F7-4668-BE54-9A1E7A4F7556}") = "Nomis.Api.SoulboundToken", "src\Services\Infrastructure\SBT\Nomis.Api.SoulboundToken\Nomis.Api.SoulboundToken.csproj", "{B9C7E6C1-B7D4-4380-8BD8-F1E4C4A2513F}"
EndProject
Project("{9A19103F-16F7-4668-BE54-9A1E7A4F7556}") = "Nomis.DefiLlama.Interfaces", "src\Services\Infrastructure\DefiLlama\Nomis.DefiLlama.Interfaces\Nomis.DefiLlama.Interfaces.csproj", "{C57A3F34-188E-40A5-9F96-23DF0573AF4A}"
EndProject
Project("{9A19103F-16F7-4668-BE54-9A1E7A4F7556}") = "Nomis.DefiLlama", "src\Services\Infrastructure\DefiLlama\Nomis.DefiLlama\Nomis.DefiLlama.csproj", "{BBE3206C-68D2-4774-A2F7-8F5D6A3B7326}"
EndProject
Project("{9A19103F-16F7-4668-BE54-9A1E7A4F7556}") = "Nomis.Api.DefiLlama", "src\Services\Infrastructure\DefiLlama\Nomis.Api.DefiLlama\Nomis.Api.DefiLlama.csproj", "{6F7F4187-1B95-4DFD-A4A2-9798CBBEA23C}"
EndProject
Global
	GlobalSection(SolutionConfigurationPlatforms) = preSolution
		Debug|Any CPU = Debug|Any CPU
		Release|Any CPU = Release|Any CPU
	EndGlobalSection
	GlobalSection(ProjectConfigurationPlatforms) = postSolution
		{EF2A09DC-BA93-4BB8-8A80-3500F775968C}.Debug|Any CPU.ActiveCfg = Debug|Any CPU
		{EF2A09DC-BA93-4BB8-8A80-3500F775968C}.Debug|Any CPU.Build.0 = Debug|Any CPU
		{EF2A09DC-BA93-4BB8-8A80-3500F775968C}.Release|Any CPU.ActiveCfg = Release|Any CPU
		{EF2A09DC-BA93-4BB8-8A80-3500F775968C}.Release|Any CPU.Build.0 = Release|Any CPU
		{2031C9CF-07BC-476C-9AF1-971C1F27F6C6}.Debug|Any CPU.ActiveCfg = Debug|Any CPU
		{2031C9CF-07BC-476C-9AF1-971C1F27F6C6}.Debug|Any CPU.Build.0 = Debug|Any CPU
		{2031C9CF-07BC-476C-9AF1-971C1F27F6C6}.Release|Any CPU.ActiveCfg = Release|Any CPU
		{2031C9CF-07BC-476C-9AF1-971C1F27F6C6}.Release|Any CPU.Build.0 = Release|Any CPU
		{DFF9BC89-E985-430F-BC46-DAFD110BA8CA}.Debug|Any CPU.ActiveCfg = Debug|Any CPU
		{DFF9BC89-E985-430F-BC46-DAFD110BA8CA}.Debug|Any CPU.Build.0 = Debug|Any CPU
		{DFF9BC89-E985-430F-BC46-DAFD110BA8CA}.Release|Any CPU.ActiveCfg = Release|Any CPU
		{DFF9BC89-E985-430F-BC46-DAFD110BA8CA}.Release|Any CPU.Build.0 = Release|Any CPU
		{F6C0A439-51E3-48CB-B49C-A6856A09D285}.Debug|Any CPU.ActiveCfg = Debug|Any CPU
		{F6C0A439-51E3-48CB-B49C-A6856A09D285}.Debug|Any CPU.Build.0 = Debug|Any CPU
		{F6C0A439-51E3-48CB-B49C-A6856A09D285}.Release|Any CPU.ActiveCfg = Release|Any CPU
		{F6C0A439-51E3-48CB-B49C-A6856A09D285}.Release|Any CPU.Build.0 = Release|Any CPU
		{F8B11EE7-B00B-4004-B233-654589162312}.Debug|Any CPU.ActiveCfg = Debug|Any CPU
		{F8B11EE7-B00B-4004-B233-654589162312}.Debug|Any CPU.Build.0 = Debug|Any CPU
		{F8B11EE7-B00B-4004-B233-654589162312}.Release|Any CPU.ActiveCfg = Release|Any CPU
		{F8B11EE7-B00B-4004-B233-654589162312}.Release|Any CPU.Build.0 = Release|Any CPU
		{F5C44853-28D4-4EF5-BBC9-63ED530A068D}.Debug|Any CPU.ActiveCfg = Debug|Any CPU
		{F5C44853-28D4-4EF5-BBC9-63ED530A068D}.Debug|Any CPU.Build.0 = Debug|Any CPU
		{F5C44853-28D4-4EF5-BBC9-63ED530A068D}.Release|Any CPU.ActiveCfg = Release|Any CPU
		{F5C44853-28D4-4EF5-BBC9-63ED530A068D}.Release|Any CPU.Build.0 = Release|Any CPU
		{51070AFC-DB30-49B1-B7E7-BFE8FAE45634}.Debug|Any CPU.ActiveCfg = Debug|Any CPU
		{51070AFC-DB30-49B1-B7E7-BFE8FAE45634}.Debug|Any CPU.Build.0 = Debug|Any CPU
		{51070AFC-DB30-49B1-B7E7-BFE8FAE45634}.Release|Any CPU.ActiveCfg = Release|Any CPU
		{51070AFC-DB30-49B1-B7E7-BFE8FAE45634}.Release|Any CPU.Build.0 = Release|Any CPU
		{E3AB955F-D0CA-4F7D-A797-9AA9929CBF06}.Debug|Any CPU.ActiveCfg = Debug|Any CPU
		{E3AB955F-D0CA-4F7D-A797-9AA9929CBF06}.Debug|Any CPU.Build.0 = Debug|Any CPU
		{E3AB955F-D0CA-4F7D-A797-9AA9929CBF06}.Release|Any CPU.ActiveCfg = Release|Any CPU
		{E3AB955F-D0CA-4F7D-A797-9AA9929CBF06}.Release|Any CPU.Build.0 = Release|Any CPU
		{A17D1A76-E9CA-46FD-AEE1-BA003FD8484C}.Debug|Any CPU.ActiveCfg = Debug|Any CPU
		{A17D1A76-E9CA-46FD-AEE1-BA003FD8484C}.Debug|Any CPU.Build.0 = Debug|Any CPU
		{A17D1A76-E9CA-46FD-AEE1-BA003FD8484C}.Release|Any CPU.ActiveCfg = Release|Any CPU
		{A17D1A76-E9CA-46FD-AEE1-BA003FD8484C}.Release|Any CPU.Build.0 = Release|Any CPU
		{8E30C34F-50D7-40B8-B5A9-2146C4CA0CB6}.Debug|Any CPU.ActiveCfg = Debug|Any CPU
		{8E30C34F-50D7-40B8-B5A9-2146C4CA0CB6}.Debug|Any CPU.Build.0 = Debug|Any CPU
		{8E30C34F-50D7-40B8-B5A9-2146C4CA0CB6}.Release|Any CPU.ActiveCfg = Release|Any CPU
		{8E30C34F-50D7-40B8-B5A9-2146C4CA0CB6}.Release|Any CPU.Build.0 = Release|Any CPU
		{0A53DCB9-56B3-4E9D-8D11-36A43B5DC051}.Debug|Any CPU.ActiveCfg = Debug|Any CPU
		{0A53DCB9-56B3-4E9D-8D11-36A43B5DC051}.Debug|Any CPU.Build.0 = Debug|Any CPU
		{0A53DCB9-56B3-4E9D-8D11-36A43B5DC051}.Release|Any CPU.ActiveCfg = Release|Any CPU
		{0A53DCB9-56B3-4E9D-8D11-36A43B5DC051}.Release|Any CPU.Build.0 = Release|Any CPU
		{35B3F10A-58DE-4CA4-B900-ABF38CC7FBC4}.Debug|Any CPU.ActiveCfg = Debug|Any CPU
		{35B3F10A-58DE-4CA4-B900-ABF38CC7FBC4}.Debug|Any CPU.Build.0 = Debug|Any CPU
		{35B3F10A-58DE-4CA4-B900-ABF38CC7FBC4}.Release|Any CPU.ActiveCfg = Release|Any CPU
		{35B3F10A-58DE-4CA4-B900-ABF38CC7FBC4}.Release|Any CPU.Build.0 = Release|Any CPU
		{915BC30B-80AE-4F6E-A271-A06EE0B91C46}.Debug|Any CPU.ActiveCfg = Debug|Any CPU
		{915BC30B-80AE-4F6E-A271-A06EE0B91C46}.Debug|Any CPU.Build.0 = Debug|Any CPU
		{915BC30B-80AE-4F6E-A271-A06EE0B91C46}.Release|Any CPU.ActiveCfg = Release|Any CPU
		{915BC30B-80AE-4F6E-A271-A06EE0B91C46}.Release|Any CPU.Build.0 = Release|Any CPU
		{EDA2C89B-B81B-43BF-8767-03379088EFAB}.Debug|Any CPU.ActiveCfg = Debug|Any CPU
		{EDA2C89B-B81B-43BF-8767-03379088EFAB}.Debug|Any CPU.Build.0 = Debug|Any CPU
		{EDA2C89B-B81B-43BF-8767-03379088EFAB}.Release|Any CPU.ActiveCfg = Release|Any CPU
		{EDA2C89B-B81B-43BF-8767-03379088EFAB}.Release|Any CPU.Build.0 = Release|Any CPU
		{8FC78BEB-55A8-42E3-BA52-64D182C8C3E3}.Debug|Any CPU.ActiveCfg = Debug|Any CPU
		{8FC78BEB-55A8-42E3-BA52-64D182C8C3E3}.Debug|Any CPU.Build.0 = Debug|Any CPU
		{8FC78BEB-55A8-42E3-BA52-64D182C8C3E3}.Release|Any CPU.ActiveCfg = Release|Any CPU
		{8FC78BEB-55A8-42E3-BA52-64D182C8C3E3}.Release|Any CPU.Build.0 = Release|Any CPU
		{6597E8A7-6566-4199-BBDA-0E37EA4F7F6A}.Debug|Any CPU.ActiveCfg = Debug|Any CPU
		{6597E8A7-6566-4199-BBDA-0E37EA4F7F6A}.Debug|Any CPU.Build.0 = Debug|Any CPU
		{6597E8A7-6566-4199-BBDA-0E37EA4F7F6A}.Release|Any CPU.ActiveCfg = Release|Any CPU
		{6597E8A7-6566-4199-BBDA-0E37EA4F7F6A}.Release|Any CPU.Build.0 = Release|Any CPU
		{DDB58AE5-7ACB-41C6-A8E9-F3AF8EA69123}.Debug|Any CPU.ActiveCfg = Debug|Any CPU
		{DDB58AE5-7ACB-41C6-A8E9-F3AF8EA69123}.Debug|Any CPU.Build.0 = Debug|Any CPU
		{DDB58AE5-7ACB-41C6-A8E9-F3AF8EA69123}.Release|Any CPU.ActiveCfg = Release|Any CPU
		{DDB58AE5-7ACB-41C6-A8E9-F3AF8EA69123}.Release|Any CPU.Build.0 = Release|Any CPU
		{EB2BCEDE-FB3D-4FBD-BAFB-D4EA6E262C8A}.Debug|Any CPU.ActiveCfg = Debug|Any CPU
		{EB2BCEDE-FB3D-4FBD-BAFB-D4EA6E262C8A}.Debug|Any CPU.Build.0 = Debug|Any CPU
		{EB2BCEDE-FB3D-4FBD-BAFB-D4EA6E262C8A}.Release|Any CPU.ActiveCfg = Release|Any CPU
		{EB2BCEDE-FB3D-4FBD-BAFB-D4EA6E262C8A}.Release|Any CPU.Build.0 = Release|Any CPU
		{6E3BF59A-DC3A-48CA-9EC9-145645DFF8C1}.Debug|Any CPU.ActiveCfg = Debug|Any CPU
		{6E3BF59A-DC3A-48CA-9EC9-145645DFF8C1}.Debug|Any CPU.Build.0 = Debug|Any CPU
		{6E3BF59A-DC3A-48CA-9EC9-145645DFF8C1}.Release|Any CPU.ActiveCfg = Release|Any CPU
		{6E3BF59A-DC3A-48CA-9EC9-145645DFF8C1}.Release|Any CPU.Build.0 = Release|Any CPU
		{12D9910F-4D8A-460C-A1FF-9D68812F74AF}.Debug|Any CPU.ActiveCfg = Debug|Any CPU
		{12D9910F-4D8A-460C-A1FF-9D68812F74AF}.Debug|Any CPU.Build.0 = Debug|Any CPU
		{12D9910F-4D8A-460C-A1FF-9D68812F74AF}.Release|Any CPU.ActiveCfg = Release|Any CPU
		{12D9910F-4D8A-460C-A1FF-9D68812F74AF}.Release|Any CPU.Build.0 = Release|Any CPU
		{1FDC8726-37E9-4728-8573-50FF274B660C}.Debug|Any CPU.ActiveCfg = Debug|Any CPU
		{1FDC8726-37E9-4728-8573-50FF274B660C}.Debug|Any CPU.Build.0 = Debug|Any CPU
		{1FDC8726-37E9-4728-8573-50FF274B660C}.Release|Any CPU.ActiveCfg = Release|Any CPU
		{1FDC8726-37E9-4728-8573-50FF274B660C}.Release|Any CPU.Build.0 = Release|Any CPU
		{69DD5082-13FB-409C-9303-7297623E3ECD}.Debug|Any CPU.ActiveCfg = Debug|Any CPU
		{69DD5082-13FB-409C-9303-7297623E3ECD}.Debug|Any CPU.Build.0 = Debug|Any CPU
		{69DD5082-13FB-409C-9303-7297623E3ECD}.Release|Any CPU.ActiveCfg = Release|Any CPU
		{69DD5082-13FB-409C-9303-7297623E3ECD}.Release|Any CPU.Build.0 = Release|Any CPU
		{1672EED0-117E-4910-BACE-0E8A134CB5F1}.Debug|Any CPU.ActiveCfg = Debug|Any CPU
		{1672EED0-117E-4910-BACE-0E8A134CB5F1}.Debug|Any CPU.Build.0 = Debug|Any CPU
		{1672EED0-117E-4910-BACE-0E8A134CB5F1}.Release|Any CPU.ActiveCfg = Release|Any CPU
		{1672EED0-117E-4910-BACE-0E8A134CB5F1}.Release|Any CPU.Build.0 = Release|Any CPU
		{977155BC-4FCA-46B0-B581-A11AF3816D15}.Debug|Any CPU.ActiveCfg = Debug|Any CPU
		{977155BC-4FCA-46B0-B581-A11AF3816D15}.Debug|Any CPU.Build.0 = Debug|Any CPU
		{977155BC-4FCA-46B0-B581-A11AF3816D15}.Release|Any CPU.ActiveCfg = Release|Any CPU
		{977155BC-4FCA-46B0-B581-A11AF3816D15}.Release|Any CPU.Build.0 = Release|Any CPU
		{9EE3CF7B-BE65-474A-8992-0B9AF57BF850}.Debug|Any CPU.ActiveCfg = Debug|Any CPU
		{9EE3CF7B-BE65-474A-8992-0B9AF57BF850}.Debug|Any CPU.Build.0 = Debug|Any CPU
		{9EE3CF7B-BE65-474A-8992-0B9AF57BF850}.Release|Any CPU.ActiveCfg = Release|Any CPU
		{9EE3CF7B-BE65-474A-8992-0B9AF57BF850}.Release|Any CPU.Build.0 = Release|Any CPU
		{B9C7E6C1-B7D4-4380-8BD8-F1E4C4A2513F}.Debug|Any CPU.ActiveCfg = Debug|Any CPU
		{B9C7E6C1-B7D4-4380-8BD8-F1E4C4A2513F}.Debug|Any CPU.Build.0 = Debug|Any CPU
		{B9C7E6C1-B7D4-4380-8BD8-F1E4C4A2513F}.Release|Any CPU.ActiveCfg = Release|Any CPU
		{B9C7E6C1-B7D4-4380-8BD8-F1E4C4A2513F}.Release|Any CPU.Build.0 = Release|Any CPU
		{C57A3F34-188E-40A5-9F96-23DF0573AF4A}.Debug|Any CPU.ActiveCfg = Debug|Any CPU
		{C57A3F34-188E-40A5-9F96-23DF0573AF4A}.Debug|Any CPU.Build.0 = Debug|Any CPU
		{C57A3F34-188E-40A5-9F96-23DF0573AF4A}.Release|Any CPU.ActiveCfg = Release|Any CPU
		{C57A3F34-188E-40A5-9F96-23DF0573AF4A}.Release|Any CPU.Build.0 = Release|Any CPU
		{BBE3206C-68D2-4774-A2F7-8F5D6A3B7326}.Debug|Any CPU.ActiveCfg = Debug|Any CPU
		{BBE3206C-68D2-4774-A2F7-8F5D6A3B7326}.Debug|Any CPU.Build.0 = Debug|Any CPU
		{BBE3206C-68D2-4774-A2F7-8F5D6A3B7326}.Release|Any CPU.ActiveCfg = Release|Any CPU
		{BBE3206C-68D2-4774-A2F7-8F5D6A3B7326}.Release|Any CPU.Build.0 = Release|Any CPU
		{6F7F4187-1B95-4DFD-A4A2-9798CBBEA23C}.Debug|Any CPU.ActiveCfg = Debug|Any CPU
		{6F7F4187-1B95-4DFD-A4A2-9798CBBEA23C}.Debug|Any CPU.Build.0 = Debug|Any CPU
		{6F7F4187-1B95-4DFD-A4A2-9798CBBEA23C}.Release|Any CPU.ActiveCfg = Release|Any CPU
		{6F7F4187-1B95-4DFD-A4A2-9798CBBEA23C}.Release|Any CPU.Build.0 = Release|Any CPU
	EndGlobalSection
	GlobalSection(SolutionProperties) = preSolution
		HideSolutionNode = FALSE
	EndGlobalSection
	GlobalSection(NestedProjects) = preSolution
		{7184AE95-780A-4AC8-9DF3-D6CA0F0D0283} = {FF3C6504-FAF8-4FD4-9FBD-0C02E2A38430}
		{5EE6C1B7-C323-4D86-8391-BCC52415DB2F} = {FF3C6504-FAF8-4FD4-9FBD-0C02E2A38430}
		{B93BB0E8-CF7E-4F7F-BFA8-DD92F6F83CC2} = {FF3C6504-FAF8-4FD4-9FBD-0C02E2A38430}
		{D0922BE8-D7AE-44B9-A03F-36BFC7846C31} = {FF3C6504-FAF8-4FD4-9FBD-0C02E2A38430}
		{B101095F-837B-41C0-B305-D9D34183BBD7} = {FF3C6504-FAF8-4FD4-9FBD-0C02E2A38430}
		{5F398ADA-DAB4-4028-A0D7-55DB232FAEEB} = {FF3C6504-FAF8-4FD4-9FBD-0C02E2A38430}
		{EFF4510A-86CE-435E-98DB-34B17CA89FC3} = {FF3C6504-FAF8-4FD4-9FBD-0C02E2A38430}
		{31CDCA97-1BFB-4DA7-B991-315414F0E7C6} = {FF3C6504-FAF8-4FD4-9FBD-0C02E2A38430}
		{27FD8170-875F-4ECC-8D98-C48BE6F9CDD9} = {FF3C6504-FAF8-4FD4-9FBD-0C02E2A38430}
		{1C766228-3017-485E-A330-4CF7D7A9B08F} = {5EE6C1B7-C323-4D86-8391-BCC52415DB2F}
		{F0BD22A5-0E1E-4EA8-9161-24E6D38BABEE} = {B93BB0E8-CF7E-4F7F-BFA8-DD92F6F83CC2}
		{0139A884-9AB0-4D75-B6A2-97A4C062812E} = {F0BD22A5-0E1E-4EA8-9161-24E6D38BABEE}
		{822423C2-18DA-4FCD-B2CF-55A30C633E5E} = {B93BB0E8-CF7E-4F7F-BFA8-DD92F6F83CC2}
		{7FE67155-0696-464B-9A68-E45C3180F0D2} = {EFF4510A-86CE-435E-98DB-34B17CA89FC3}
		{34053AB7-5818-44CB-9905-F9A516B0DA8A} = {EFF4510A-86CE-435E-98DB-34B17CA89FC3}
		{1FD281BB-E27F-4E54-B42B-E99DFE4C7693} = {31CDCA97-1BFB-4DA7-B991-315414F0E7C6}
		{EF2A09DC-BA93-4BB8-8A80-3500F775968C} = {31CDCA97-1BFB-4DA7-B991-315414F0E7C6}
		{2031C9CF-07BC-476C-9AF1-971C1F27F6C6} = {50A0730C-0526-43C7-80E8-4A5BF4DC785A}
		{DFF9BC89-E985-430F-BC46-DAFD110BA8CA} = {7184AE95-780A-4AC8-9DF3-D6CA0F0D0283}
		{F6C0A439-51E3-48CB-B49C-A6856A09D285} = {926A0923-2275-450D-BA14-C6449A98E372}
		{F8B11EE7-B00B-4004-B233-654589162312} = {926A0923-2275-450D-BA14-C6449A98E372}
		{926A0923-2275-450D-BA14-C6449A98E372} = {0139A884-9AB0-4D75-B6A2-97A4C062812E}
		{CCCBFDCA-25AD-4B2A-A924-C3518BA43400} = {34053AB7-5818-44CB-9905-F9A516B0DA8A}
		{EA300C59-649C-47E1-87CD-6BFFFA46BA47} = {CCCBFDCA-25AD-4B2A-A924-C3518BA43400}
		{F5C44853-28D4-4EF5-BBC9-63ED530A068D} = {EA300C59-649C-47E1-87CD-6BFFFA46BA47}
		{51070AFC-DB30-49B1-B7E7-BFE8FAE45634} = {EA300C59-649C-47E1-87CD-6BFFFA46BA47}
		{E3AB955F-D0CA-4F7D-A797-9AA9929CBF06} = {0139A884-9AB0-4D75-B6A2-97A4C062812E}
		{6E6973B9-2B02-4429-8056-653CC78EB894} = {27FD8170-875F-4ECC-8D98-C48BE6F9CDD9}
		{A17D1A76-E9CA-46FD-AEE1-BA003FD8484C} = {6E6973B9-2B02-4429-8056-653CC78EB894}
		{50A0730C-0526-43C7-80E8-4A5BF4DC785A} = {1FD281BB-E27F-4E54-B42B-E99DFE4C7693}
		{8E30C34F-50D7-40B8-B5A9-2146C4CA0CB6} = {AF0D23B6-A9B8-48A9-807E-D6077E9265F9}
		{0A53DCB9-56B3-4E9D-8D11-36A43B5DC051} = {31077AF5-81F3-4B6D-A5F5-B8872BA6ED61}
		{35B3F10A-58DE-4CA4-B900-ABF38CC7FBC4} = {1C766228-3017-485E-A330-4CF7D7A9B08F}
		{915BC30B-80AE-4F6E-A271-A06EE0B91C46} = {822423C2-18DA-4FCD-B2CF-55A30C633E5E}
		{EDA2C89B-B81B-43BF-8767-03379088EFAB} = {7FE67155-0696-464B-9A68-E45C3180F0D2}
		{8FC78BEB-55A8-42E3-BA52-64D182C8C3E3} = {BFF899A7-B00A-4ED4-B442-1DFBC8F78EFA}
		{6597E8A7-6566-4199-BBDA-0E37EA4F7F6A} = {BEDF4771-567F-41A6-811B-8A820BC52AF0}
		{DDB58AE5-7ACB-41C6-A8E9-F3AF8EA69123} = {1C766228-3017-485E-A330-4CF7D7A9B08F}
		{EB2BCEDE-FB3D-4FBD-BAFB-D4EA6E262C8A} = {822423C2-18DA-4FCD-B2CF-55A30C633E5E}
		{6E3BF59A-DC3A-48CA-9EC9-145645DFF8C1} = {7FE67155-0696-464B-9A68-E45C3180F0D2}
		{12D9910F-4D8A-460C-A1FF-9D68812F74AF} = {F98874A0-2C0E-426C-AFE2-B2EDCC0613BD}
		{1FDC8726-37E9-4728-8573-50FF274B660C} = {49385C2E-82D2-4935-A3E0-7AA384EBADDF}
		{AF0D23B6-A9B8-48A9-807E-D6077E9265F9} = {F0BD22A5-0E1E-4EA8-9161-24E6D38BABEE}
		{31077AF5-81F3-4B6D-A5F5-B8872BA6ED61} = {34053AB7-5818-44CB-9905-F9A516B0DA8A}
		{A9EC39C3-72CC-4103-A030-39C3D2AA950F} = {31CDCA97-1BFB-4DA7-B991-315414F0E7C6}
		{BFF899A7-B00A-4ED4-B442-1DFBC8F78EFA} = {D0922BE8-D7AE-44B9-A03F-36BFC7846C31}
		{BEDF4771-567F-41A6-811B-8A820BC52AF0} = {B101095F-837B-41C0-B305-D9D34183BBD7}
		{F98874A0-2C0E-426C-AFE2-B2EDCC0613BD} = {D0922BE8-D7AE-44B9-A03F-36BFC7846C31}
		{49385C2E-82D2-4935-A3E0-7AA384EBADDF} = {B101095F-837B-41C0-B305-D9D34183BBD7}
		{272F9CE5-D16B-4A91-A54E-F9C1C3BE8330} = {F0BD22A5-0E1E-4EA8-9161-24E6D38BABEE}
		{4E360CF0-C316-45D9-AB91-3AED59200DA6} = {34053AB7-5818-44CB-9905-F9A516B0DA8A}
		{69DD5082-13FB-409C-9303-7297623E3ECD} = {272F9CE5-D16B-4A91-A54E-F9C1C3BE8330}
		{1672EED0-117E-4910-BACE-0E8A134CB5F1} = {4E360CF0-C316-45D9-AB91-3AED59200DA6}
		{977155BC-4FCA-46B0-B581-A11AF3816D15} = {CB602635-4F1E-4F20-AC56-490F0C174374}
		{9EE3CF7B-BE65-474A-8992-0B9AF57BF850} = {E39E11EF-9099-400F-AAF8-AC8B36395FED}
		{E39E11EF-9099-400F-AAF8-AC8B36395FED} = {34053AB7-5818-44CB-9905-F9A516B0DA8A}
		{CB602635-4F1E-4F20-AC56-490F0C174374} = {F0BD22A5-0E1E-4EA8-9161-24E6D38BABEE}
		{253547A1-9554-4341-B441-3A8526F61F0C} = {31CDCA97-1BFB-4DA7-B991-315414F0E7C6}
		{B9C7E6C1-B7D4-4380-8BD8-F1E4C4A2513F} = {253547A1-9554-4341-B441-3A8526F61F0C}
		{C57A3F34-188E-40A5-9F96-23DF0573AF4A} = {AF0D23B6-A9B8-48A9-807E-D6077E9265F9}
		{BBE3206C-68D2-4774-A2F7-8F5D6A3B7326} = {31077AF5-81F3-4B6D-A5F5-B8872BA6ED61}
		{6F7F4187-1B95-4DFD-A4A2-9798CBBEA23C} = {A9EC39C3-72CC-4103-A030-39C3D2AA950F}
	EndGlobalSection
	GlobalSection(ExtensibilityGlobals) = postSolution
		SolutionGuid = {A4B6D458-B035-43C1-85BC-6A806E43B51D}
	EndGlobalSection
EndGlobal
